// !$*UTF8*$!
{
	archiveVersion = 1;
	classes = {
	};
	objectVersion = 56;
	objects = {

/* Begin PBXBuildFile section */
		21C8FD1728F1D6C500D51D4B /* ShannonApp.swift in Sources */ = {isa = PBXBuildFile; fileRef = 21C8FD1628F1D6C500D51D4B /* ShannonApp.swift */; };
		21C8FD1928F1D6C500D51D4B /* ContentView.swift in Sources */ = {isa = PBXBuildFile; fileRef = 21C8FD1828F1D6C500D51D4B /* ContentView.swift */; };
		21C8FD1B28F1D6C800D51D4B /* Assets.xcassets in Resources */ = {isa = PBXBuildFile; fileRef = 21C8FD1A28F1D6C800D51D4B /* Assets.xcassets */; };
		21C8FD1E28F1D6C800D51D4B /* Preview Assets.xcassets in Resources */ = {isa = PBXBuildFile; fileRef = 21C8FD1D28F1D6C800D51D4B /* Preview Assets.xcassets */; };
		21C8FD2828F1D6C800D51D4B /* ShannonTests.swift in Sources */ = {isa = PBXBuildFile; fileRef = 21C8FD2728F1D6C800D51D4B /* ShannonTests.swift */; };
		21C8FD3228F1D6C800D51D4B /* ShannonUITests.swift in Sources */ = {isa = PBXBuildFile; fileRef = 21C8FD3128F1D6C800D51D4B /* ShannonUITests.swift */; };
		21C8FD3428F1D6C800D51D4B /* ShannonUITestsLaunchTests.swift in Sources */ = {isa = PBXBuildFile; fileRef = 21C8FD3328F1D6C800D51D4B /* ShannonUITestsLaunchTests.swift */; };
		21C8FD4228F2F1E000D51D4B /* LocationManager.swift in Sources */ = {isa = PBXBuildFile; fileRef = 21C8FD4128F2F1E000D51D4B /* LocationManager.swift */; };
		21C8FD4528F2F66100D51D4B /* WelcomeView.swift in Sources */ = {isa = PBXBuildFile; fileRef = 21C8FD4428F2F66100D51D4B /* WelcomeView.swift */; };
		21C8FD4728F3000100D51D4B /* LoadingView.swift in Sources */ = {isa = PBXBuildFile; fileRef = 21C8FD4628F3000100D51D4B /* LoadingView.swift */; };
		21C8FD4928F3052F00D51D4B /* WeatherManager.swift in Sources */ = {isa = PBXBuildFile; fileRef = 21C8FD4828F3052F00D51D4B /* WeatherManager.swift */; };
		21C8FD4B28F3106C00D51D4B /* WeatherView.swift in Sources */ = {isa = PBXBuildFile; fileRef = 21C8FD4A28F3106C00D51D4B /* WeatherView.swift */; };
		21C8FD4D28F310F800D51D4B /* ModelData.swift in Sources */ = {isa = PBXBuildFile; fileRef = 21C8FD4C28F310F800D51D4B /* ModelData.swift */; };
		21C8FD4F28F3114A00D51D4B /* weatherData.json in Resources */ = {isa = PBXBuildFile; fileRef = 21C8FD4E28F3114A00D51D4B /* weatherData.json */; };
		21C8FD5128F3158900D51D4B /* Extensions.swift in Sources */ = {isa = PBXBuildFile; fileRef = 21C8FD5028F3158900D51D4B /* Extensions.swift */; };
		21C8FD5428F3263C00D51D4B /* WeatherRow.swift in Sources */ = {isa = PBXBuildFile; fileRef = 21C8FD5328F3263C00D51D4B /* WeatherRow.swift */; };
/* End PBXBuildFile section */

/* Begin PBXContainerItemProxy section */
		21C8FD2428F1D6C800D51D4B /* PBXContainerItemProxy */ = {
			isa = PBXContainerItemProxy;
			containerPortal = 21C8FD0B28F1D6C500D51D4B /* Project object */;
			proxyType = 1;
			remoteGlobalIDString = 21C8FD1228F1D6C500D51D4B;
			remoteInfo = Shannon;
		};
		21C8FD2E28F1D6C800D51D4B /* PBXContainerItemProxy */ = {
			isa = PBXContainerItemProxy;
			containerPortal = 21C8FD0B28F1D6C500D51D4B /* Project object */;
			proxyType = 1;
			remoteGlobalIDString = 21C8FD1228F1D6C500D51D4B;
			remoteInfo = Shannon;
		};
/* End PBXContainerItemProxy section */

/* Begin PBXFileReference section */
		21C8FD1328F1D6C500D51D4B /* Weather.app */ = {isa = PBXFileReference; explicitFileType = wrapper.application; includeInIndex = 0; path = Weather.app; sourceTree = BUILT_PRODUCTS_DIR; };
		21C8FD1628F1D6C500D51D4B /* ShannonApp.swift */ = {isa = PBXFileReference; lastKnownFileType = sourcecode.swift; path = ShannonApp.swift; sourceTree = "<group>"; };
		21C8FD1828F1D6C500D51D4B /* ContentView.swift */ = {isa = PBXFileReference; lastKnownFileType = sourcecode.swift; path = ContentView.swift; sourceTree = "<group>"; };
		21C8FD1A28F1D6C800D51D4B /* Assets.xcassets */ = {isa = PBXFileReference; lastKnownFileType = folder.assetcatalog; path = Assets.xcassets; sourceTree = "<group>"; };
		21C8FD1D28F1D6C800D51D4B /* Preview Assets.xcassets */ = {isa = PBXFileReference; lastKnownFileType = folder.assetcatalog; path = "Preview Assets.xcassets"; sourceTree = "<group>"; };
		21C8FD2328F1D6C800D51D4B /* WeatherTests.xctest */ = {isa = PBXFileReference; explicitFileType = wrapper.cfbundle; includeInIndex = 0; path = WeatherTests.xctest; sourceTree = BUILT_PRODUCTS_DIR; };
		21C8FD2728F1D6C800D51D4B /* ShannonTests.swift */ = {isa = PBXFileReference; lastKnownFileType = sourcecode.swift; path = ShannonTests.swift; sourceTree = "<group>"; };
		21C8FD2D28F1D6C800D51D4B /* WeatherUITests.xctest */ = {isa = PBXFileReference; explicitFileType = wrapper.cfbundle; includeInIndex = 0; path = WeatherUITests.xctest; sourceTree = BUILT_PRODUCTS_DIR; };
		21C8FD3128F1D6C800D51D4B /* ShannonUITests.swift */ = {isa = PBXFileReference; lastKnownFileType = sourcecode.swift; path = ShannonUITests.swift; sourceTree = "<group>"; };
		21C8FD3328F1D6C800D51D4B /* ShannonUITestsLaunchTests.swift */ = {isa = PBXFileReference; lastKnownFileType = sourcecode.swift; path = ShannonUITestsLaunchTests.swift; sourceTree = "<group>"; };
		21C8FD4128F2F1E000D51D4B /* LocationManager.swift */ = {isa = PBXFileReference; lastKnownFileType = sourcecode.swift; path = LocationManager.swift; sourceTree = "<group>"; };
		21C8FD4428F2F66100D51D4B /* WelcomeView.swift */ = {isa = PBXFileReference; lastKnownFileType = sourcecode.swift; path = WelcomeView.swift; sourceTree = "<group>"; };
		21C8FD4628F3000100D51D4B /* LoadingView.swift */ = {isa = PBXFileReference; lastKnownFileType = sourcecode.swift; path = LoadingView.swift; sourceTree = "<group>"; };
		21C8FD4828F3052F00D51D4B /* WeatherManager.swift */ = {isa = PBXFileReference; lastKnownFileType = sourcecode.swift; path = WeatherManager.swift; sourceTree = "<group>"; };
		21C8FD4A28F3106C00D51D4B /* WeatherView.swift */ = {isa = PBXFileReference; lastKnownFileType = sourcecode.swift; path = WeatherView.swift; sourceTree = "<group>"; };
		21C8FD4C28F310F800D51D4B /* ModelData.swift */ = {isa = PBXFileReference; lastKnownFileType = sourcecode.swift; path = ModelData.swift; sourceTree = "<group>"; };
		21C8FD4E28F3114A00D51D4B /* weatherData.json */ = {isa = PBXFileReference; lastKnownFileType = text.json; path = weatherData.json; sourceTree = "<group>"; };
		21C8FD5028F3158900D51D4B /* Extensions.swift */ = {isa = PBXFileReference; lastKnownFileType = sourcecode.swift; path = Extensions.swift; sourceTree = "<group>"; };
		21C8FD5328F3263C00D51D4B /* WeatherRow.swift */ = {isa = PBXFileReference; lastKnownFileType = sourcecode.swift; path = WeatherRow.swift; sourceTree = "<group>"; };
/* End PBXFileReference section */

/* Begin PBXFrameworksBuildPhase section */
		21C8FD1028F1D6C500D51D4B /* Frameworks */ = {
			isa = PBXFrameworksBuildPhase;
			buildActionMask = 2147483647;
			files = (
			);
			runOnlyForDeploymentPostprocessing = 0;
		};
		21C8FD2028F1D6C800D51D4B /* Frameworks */ = {
			isa = PBXFrameworksBuildPhase;
			buildActionMask = 2147483647;
			files = (
			);
			runOnlyForDeploymentPostprocessing = 0;
		};
		21C8FD2A28F1D6C800D51D4B /* Frameworks */ = {
			isa = PBXFrameworksBuildPhase;
			buildActionMask = 2147483647;
			files = (
			);
			runOnlyForDeploymentPostprocessing = 0;
		};
/* End PBXFrameworksBuildPhase section */

/* Begin PBXGroup section */
		21C8FD0A28F1D6C500D51D4B = {
			isa = PBXGroup;
			children = (
				21C8FD1528F1D6C500D51D4B /* Shannon */,
				21C8FD2628F1D6C800D51D4B /* ShannonTests */,
				21C8FD3028F1D6C800D51D4B /* ShannonUITests */,
				21C8FD1428F1D6C500D51D4B /* Products */,
			);
			sourceTree = "<group>";
		};
		21C8FD1428F1D6C500D51D4B /* Products */ = {
			isa = PBXGroup;
			children = (
				21C8FD1328F1D6C500D51D4B /* Weather.app */,
				21C8FD2328F1D6C800D51D4B /* WeatherTests.xctest */,
				21C8FD2D28F1D6C800D51D4B /* WeatherUITests.xctest */,
			);
			name = Products;
			sourceTree = "<group>";
		};
		21C8FD1528F1D6C500D51D4B /* Shannon */ = {
			isa = PBXGroup;
			children = (
				21C8FD5228F3261D00D51D4B /* Components */,
				21C8FD4328F2F5F200D51D4B /* Views */,
				21C8FD4028F2F1BD00D51D4B /* Managers */,
				21C8FD1628F1D6C500D51D4B /* ShannonApp.swift */,
				21C8FD1A28F1D6C800D51D4B /* Assets.xcassets */,
				21C8FD1C28F1D6C800D51D4B /* Preview Content */,
				21C8FD5028F3158900D51D4B /* Extensions.swift */,
			);
			path = Shannon;
			sourceTree = "<group>";
		};
		21C8FD1C28F1D6C800D51D4B /* Preview Content */ = {
			isa = PBXGroup;
			children = (
				21C8FD1D28F1D6C800D51D4B /* Preview Assets.xcassets */,
				21C8FD4C28F310F800D51D4B /* ModelData.swift */,
				21C8FD4E28F3114A00D51D4B /* weatherData.json */,
			);
			path = "Preview Content";
			sourceTree = "<group>";
		};
		21C8FD2628F1D6C800D51D4B /* ShannonTests */ = {
			isa = PBXGroup;
			children = (
				21C8FD2728F1D6C800D51D4B /* ShannonTests.swift */,
			);
			path = ShannonTests;
			sourceTree = "<group>";
		};
		21C8FD3028F1D6C800D51D4B /* ShannonUITests */ = {
			isa = PBXGroup;
			children = (
				21C8FD3128F1D6C800D51D4B /* ShannonUITests.swift */,
				21C8FD3328F1D6C800D51D4B /* ShannonUITestsLaunchTests.swift */,
			);
			path = ShannonUITests;
			sourceTree = "<group>";
		};
		21C8FD4028F2F1BD00D51D4B /* Managers */ = {
			isa = PBXGroup;
			children = (
				21C8FD4128F2F1E000D51D4B /* LocationManager.swift */,
				21C8FD4828F3052F00D51D4B /* WeatherManager.swift */,
			);
			path = Managers;
			sourceTree = "<group>";
		};
		21C8FD4328F2F5F200D51D4B /* Views */ = {
			isa = PBXGroup;
			children = (
				21C8FD1828F1D6C500D51D4B /* ContentView.swift */,
				21C8FD4428F2F66100D51D4B /* WelcomeView.swift */,
				21C8FD4628F3000100D51D4B /* LoadingView.swift */,
				21C8FD4A28F3106C00D51D4B /* WeatherView.swift */,
			);
			path = Views;
			sourceTree = "<group>";
		};
		21C8FD5228F3261D00D51D4B /* Components */ = {
			isa = PBXGroup;
			children = (
				21C8FD5328F3263C00D51D4B /* WeatherRow.swift */,
			);
			path = Components;
			sourceTree = "<group>";
		};
/* End PBXGroup section */

/* Begin PBXNativeTarget section */
		21C8FD1228F1D6C500D51D4B /* Weather */ = {
			isa = PBXNativeTarget;
			buildConfigurationList = 21C8FD3728F1D6C800D51D4B /* Build configuration list for PBXNativeTarget "Weather" */;
			buildPhases = (
				21C8FD0F28F1D6C500D51D4B /* Sources */,
				21C8FD1028F1D6C500D51D4B /* Frameworks */,
				21C8FD1128F1D6C500D51D4B /* Resources */,
			);
			buildRules = (
			);
			dependencies = (
			);
			name = Weather;
			productName = Shannon;
			productReference = 21C8FD1328F1D6C500D51D4B /* Weather.app */;
			productType = "com.apple.product-type.application";
		};
		21C8FD2228F1D6C800D51D4B /* WeatherTests */ = {
			isa = PBXNativeTarget;
			buildConfigurationList = 21C8FD3A28F1D6C800D51D4B /* Build configuration list for PBXNativeTarget "WeatherTests" */;
			buildPhases = (
				21C8FD1F28F1D6C800D51D4B /* Sources */,
				21C8FD2028F1D6C800D51D4B /* Frameworks */,
				21C8FD2128F1D6C800D51D4B /* Resources */,
			);
			buildRules = (
			);
			dependencies = (
				21C8FD2528F1D6C800D51D4B /* PBXTargetDependency */,
			);
			name = WeatherTests;
			productName = ShannonTests;
			productReference = 21C8FD2328F1D6C800D51D4B /* WeatherTests.xctest */;
			productType = "com.apple.product-type.bundle.unit-test";
		};
		21C8FD2C28F1D6C800D51D4B /* WeatherUITests */ = {
			isa = PBXNativeTarget;
			buildConfigurationList = 21C8FD3D28F1D6C800D51D4B /* Build configuration list for PBXNativeTarget "WeatherUITests" */;
			buildPhases = (
				21C8FD2928F1D6C800D51D4B /* Sources */,
				21C8FD2A28F1D6C800D51D4B /* Frameworks */,
				21C8FD2B28F1D6C800D51D4B /* Resources */,
			);
			buildRules = (
			);
			dependencies = (
				21C8FD2F28F1D6C800D51D4B /* PBXTargetDependency */,
			);
			name = WeatherUITests;
			productName = ShannonUITests;
			productReference = 21C8FD2D28F1D6C800D51D4B /* WeatherUITests.xctest */;
			productType = "com.apple.product-type.bundle.ui-testing";
		};
/* End PBXNativeTarget section */

/* Begin PBXProject section */
		21C8FD0B28F1D6C500D51D4B /* Project object */ = {
			isa = PBXProject;
			attributes = {
				BuildIndependentTargetsInParallel = 1;
				LastSwiftUpdateCheck = 1400;
				LastUpgradeCheck = 1400;
				TargetAttributes = {
					21C8FD1228F1D6C500D51D4B = {
						CreatedOnToolsVersion = 14.0.1;
					};
					21C8FD2228F1D6C800D51D4B = {
						CreatedOnToolsVersion = 14.0.1;
						TestTargetID = 21C8FD1228F1D6C500D51D4B;
					};
					21C8FD2C28F1D6C800D51D4B = {
						CreatedOnToolsVersion = 14.0.1;
						TestTargetID = 21C8FD1228F1D6C500D51D4B;
					};
				};
			};
			buildConfigurationList = 21C8FD0E28F1D6C500D51D4B /* Build configuration list for PBXProject "Weather" */;
			compatibilityVersion = "Xcode 14.0";
			developmentRegion = en;
			hasScannedForEncodings = 0;
			knownRegions = (
				en,
				Base,
			);
			mainGroup = 21C8FD0A28F1D6C500D51D4B;
			productRefGroup = 21C8FD1428F1D6C500D51D4B /* Products */;
			projectDirPath = "";
			projectRoot = "";
			targets = (
				21C8FD1228F1D6C500D51D4B /* Weather */,
				21C8FD2228F1D6C800D51D4B /* WeatherTests */,
				21C8FD2C28F1D6C800D51D4B /* WeatherUITests */,
			);
		};
/* End PBXProject section */

/* Begin PBXResourcesBuildPhase section */
		21C8FD1128F1D6C500D51D4B /* Resources */ = {
			isa = PBXResourcesBuildPhase;
			buildActionMask = 2147483647;
			files = (
				21C8FD1E28F1D6C800D51D4B /* Preview Assets.xcassets in Resources */,
				21C8FD4F28F3114A00D51D4B /* weatherData.json in Resources */,
				21C8FD1B28F1D6C800D51D4B /* Assets.xcassets in Resources */,
			);
			runOnlyForDeploymentPostprocessing = 0;
		};
		21C8FD2128F1D6C800D51D4B /* Resources */ = {
			isa = PBXResourcesBuildPhase;
			buildActionMask = 2147483647;
			files = (
			);
			runOnlyForDeploymentPostprocessing = 0;
		};
		21C8FD2B28F1D6C800D51D4B /* Resources */ = {
			isa = PBXResourcesBuildPhase;
			buildActionMask = 2147483647;
			files = (
			);
			runOnlyForDeploymentPostprocessing = 0;
		};
/* End PBXResourcesBuildPhase section */

/* Begin PBXSourcesBuildPhase section */
		21C8FD0F28F1D6C500D51D4B /* Sources */ = {
			isa = PBXSourcesBuildPhase;
			buildActionMask = 2147483647;
			files = (
				21C8FD4928F3052F00D51D4B /* WeatherManager.swift in Sources */,
				21C8FD5128F3158900D51D4B /* Extensions.swift in Sources */,
				21C8FD1928F1D6C500D51D4B /* ContentView.swift in Sources */,
				21C8FD1728F1D6C500D51D4B /* ShannonApp.swift in Sources */,
				21C8FD4228F2F1E000D51D4B /* LocationManager.swift in Sources */,
				21C8FD5428F3263C00D51D4B /* WeatherRow.swift in Sources */,
				21C8FD4728F3000100D51D4B /* LoadingView.swift in Sources */,
				21C8FD4D28F310F800D51D4B /* ModelData.swift in Sources */,
				21C8FD4B28F3106C00D51D4B /* WeatherView.swift in Sources */,
				21C8FD4528F2F66100D51D4B /* WelcomeView.swift in Sources */,
			);
			runOnlyForDeploymentPostprocessing = 0;
		};
		21C8FD1F28F1D6C800D51D4B /* Sources */ = {
			isa = PBXSourcesBuildPhase;
			buildActionMask = 2147483647;
			files = (
				21C8FD2828F1D6C800D51D4B /* ShannonTests.swift in Sources */,
			);
			runOnlyForDeploymentPostprocessing = 0;
		};
		21C8FD2928F1D6C800D51D4B /* Sources */ = {
			isa = PBXSourcesBuildPhase;
			buildActionMask = 2147483647;
			files = (
				21C8FD3428F1D6C800D51D4B /* ShannonUITestsLaunchTests.swift in Sources */,
				21C8FD3228F1D6C800D51D4B /* ShannonUITests.swift in Sources */,
			);
			runOnlyForDeploymentPostprocessing = 0;
		};
/* End PBXSourcesBuildPhase section */

/* Begin PBXTargetDependency section */
		21C8FD2528F1D6C800D51D4B /* PBXTargetDependency */ = {
			isa = PBXTargetDependency;
			target = 21C8FD1228F1D6C500D51D4B /* Weather */;
			targetProxy = 21C8FD2428F1D6C800D51D4B /* PBXContainerItemProxy */;
		};
		21C8FD2F28F1D6C800D51D4B /* PBXTargetDependency */ = {
			isa = PBXTargetDependency;
			target = 21C8FD1228F1D6C500D51D4B /* Weather */;
			targetProxy = 21C8FD2E28F1D6C800D51D4B /* PBXContainerItemProxy */;
		};
/* End PBXTargetDependency section */

/* Begin XCBuildConfiguration section */
		21C8FD3528F1D6C800D51D4B /* Debug */ = {
			isa = XCBuildConfiguration;
			buildSettings = {
				ALWAYS_SEARCH_USER_PATHS = NO;
				CLANG_ANALYZER_NONNULL = YES;
				CLANG_ANALYZER_NUMBER_OBJECT_CONVERSION = YES_AGGRESSIVE;
				CLANG_CXX_LANGUAGE_STANDARD = "gnu++20";
				CLANG_ENABLE_MODULES = YES;
				CLANG_ENABLE_OBJC_ARC = YES;
				CLANG_ENABLE_OBJC_WEAK = YES;
				CLANG_WARN_BLOCK_CAPTURE_AUTORELEASING = YES;
				CLANG_WARN_BOOL_CONVERSION = YES;
				CLANG_WARN_COMMA = YES;
				CLANG_WARN_CONSTANT_CONVERSION = YES;
				CLANG_WARN_DEPRECATED_OBJC_IMPLEMENTATIONS = YES;
				CLANG_WARN_DIRECT_OBJC_ISA_USAGE = YES_ERROR;
				CLANG_WARN_DOCUMENTATION_COMMENTS = YES;
				CLANG_WARN_EMPTY_BODY = YES;
				CLANG_WARN_ENUM_CONVERSION = YES;
				CLANG_WARN_INFINITE_RECURSION = YES;
				CLANG_WARN_INT_CONVERSION = YES;
				CLANG_WARN_NON_LITERAL_NULL_CONVERSION = YES;
				CLANG_WARN_OBJC_IMPLICIT_RETAIN_SELF = YES;
				CLANG_WARN_OBJC_LITERAL_CONVERSION = YES;
				CLANG_WARN_OBJC_ROOT_CLASS = YES_ERROR;
				CLANG_WARN_QUOTED_INCLUDE_IN_FRAMEWORK_HEADER = YES;
				CLANG_WARN_RANGE_LOOP_ANALYSIS = YES;
				CLANG_WARN_STRICT_PROTOTYPES = YES;
				CLANG_WARN_SUSPICIOUS_MOVE = YES;
				CLANG_WARN_UNGUARDED_AVAILABILITY = YES_AGGRESSIVE;
				CLANG_WARN_UNREACHABLE_CODE = YES;
				CLANG_WARN__DUPLICATE_METHOD_MATCH = YES;
				COPY_PHASE_STRIP = NO;
				DEBUG_INFORMATION_FORMAT = dwarf;
				ENABLE_STRICT_OBJC_MSGSEND = YES;
				ENABLE_TESTABILITY = YES;
				GCC_C_LANGUAGE_STANDARD = gnu11;
				GCC_DYNAMIC_NO_PIC = NO;
				GCC_NO_COMMON_BLOCKS = YES;
				GCC_OPTIMIZATION_LEVEL = 0;
				GCC_PREPROCESSOR_DEFINITIONS = (
					"DEBUG=1",
					"$(inherited)",
				);
				GCC_WARN_64_TO_32_BIT_CONVERSION = YES;
				GCC_WARN_ABOUT_RETURN_TYPE = YES_ERROR;
				GCC_WARN_UNDECLARED_SELECTOR = YES;
				GCC_WARN_UNINITIALIZED_AUTOS = YES_AGGRESSIVE;
				GCC_WARN_UNUSED_FUNCTION = YES;
				GCC_WARN_UNUSED_VARIABLE = YES;
				IPHONEOS_DEPLOYMENT_TARGET = 16.0;
				MTL_ENABLE_DEBUG_INFO = INCLUDE_SOURCE;
				MTL_FAST_MATH = YES;
				ONLY_ACTIVE_ARCH = YES;
				SDKROOT = iphoneos;
				SWIFT_ACTIVE_COMPILATION_CONDITIONS = DEBUG;
				SWIFT_OPTIMIZATION_LEVEL = "-Onone";
			};
			name = Debug;
		};
		21C8FD3628F1D6C800D51D4B /* Release */ = {
			isa = XCBuildConfiguration;
			buildSettings = {
				ALWAYS_SEARCH_USER_PATHS = NO;
				CLANG_ANALYZER_NONNULL = YES;
				CLANG_ANALYZER_NUMBER_OBJECT_CONVERSION = YES_AGGRESSIVE;
				CLANG_CXX_LANGUAGE_STANDARD = "gnu++20";
				CLANG_ENABLE_MODULES = YES;
				CLANG_ENABLE_OBJC_ARC = YES;
				CLANG_ENABLE_OBJC_WEAK = YES;
				CLANG_WARN_BLOCK_CAPTURE_AUTORELEASING = YES;
				CLANG_WARN_BOOL_CONVERSION = YES;
				CLANG_WARN_COMMA = YES;
				CLANG_WARN_CONSTANT_CONVERSION = YES;
				CLANG_WARN_DEPRECATED_OBJC_IMPLEMENTATIONS = YES;
				CLANG_WARN_DIRECT_OBJC_ISA_USAGE = YES_ERROR;
				CLANG_WARN_DOCUMENTATION_COMMENTS = YES;
				CLANG_WARN_EMPTY_BODY = YES;
				CLANG_WARN_ENUM_CONVERSION = YES;
				CLANG_WARN_INFINITE_RECURSION = YES;
				CLANG_WARN_INT_CONVERSION = YES;
				CLANG_WARN_NON_LITERAL_NULL_CONVERSION = YES;
				CLANG_WARN_OBJC_IMPLICIT_RETAIN_SELF = YES;
				CLANG_WARN_OBJC_LITERAL_CONVERSION = YES;
				CLANG_WARN_OBJC_ROOT_CLASS = YES_ERROR;
				CLANG_WARN_QUOTED_INCLUDE_IN_FRAMEWORK_HEADER = YES;
				CLANG_WARN_RANGE_LOOP_ANALYSIS = YES;
				CLANG_WARN_STRICT_PROTOTYPES = YES;
				CLANG_WARN_SUSPICIOUS_MOVE = YES;
				CLANG_WARN_UNGUARDED_AVAILABILITY = YES_AGGRESSIVE;
				CLANG_WARN_UNREACHABLE_CODE = YES;
				CLANG_WARN__DUPLICATE_METHOD_MATCH = YES;
				COPY_PHASE_STRIP = NO;
				DEBUG_INFORMATION_FORMAT = "dwarf-with-dsym";
				ENABLE_NS_ASSERTIONS = NO;
				ENABLE_STRICT_OBJC_MSGSEND = YES;
				GCC_C_LANGUAGE_STANDARD = gnu11;
				GCC_NO_COMMON_BLOCKS = YES;
				GCC_WARN_64_TO_32_BIT_CONVERSION = YES;
				GCC_WARN_ABOUT_RETURN_TYPE = YES_ERROR;
				GCC_WARN_UNDECLARED_SELECTOR = YES;
				GCC_WARN_UNINITIALIZED_AUTOS = YES_AGGRESSIVE;
				GCC_WARN_UNUSED_FUNCTION = YES;
				GCC_WARN_UNUSED_VARIABLE = YES;
				IPHONEOS_DEPLOYMENT_TARGET = 16.0;
				MTL_ENABLE_DEBUG_INFO = NO;
				MTL_FAST_MATH = YES;
				SDKROOT = iphoneos;
				SWIFT_COMPILATION_MODE = wholemodule;
				SWIFT_OPTIMIZATION_LEVEL = "-O";
				VALIDATE_PRODUCT = YES;
			};
			name = Release;
		};
		21C8FD3828F1D6C800D51D4B /* Debug */ = {
			isa = XCBuildConfiguration;
			buildSettings = {
				ASSETCATALOG_COMPILER_APPICON_NAME = AppIcon;
				ASSETCATALOG_COMPILER_GLOBAL_ACCENT_COLOR_NAME = AccentColor;
				CODE_SIGN_STYLE = Automatic;
				CURRENT_PROJECT_VERSION = 1;
				DEVELOPMENT_ASSET_PATHS = "\"Shannon/Preview Content\"";
				DEVELOPMENT_TEAM = VZ6FSVPZ3F;
				ENABLE_PREVIEWS = YES;
				GENERATE_INFOPLIST_FILE = YES;
				INFOPLIST_KEY_UIApplicationSceneManifest_Generation = YES;
				INFOPLIST_KEY_UIApplicationSupportsIndirectInputEvents = YES;
				INFOPLIST_KEY_UILaunchScreen_Generation = YES;
				INFOPLIST_KEY_UISupportedInterfaceOrientations_iPad = "UIInterfaceOrientationPortrait UIInterfaceOrientationPortraitUpsideDown UIInterfaceOrientationLandscapeLeft UIInterfaceOrientationLandscapeRight";
				INFOPLIST_KEY_UISupportedInterfaceOrientations_iPhone = "UIInterfaceOrientationPortrait UIInterfaceOrientationLandscapeLeft UIInterfaceOrientationLandscapeRight";
				LD_RUNPATH_SEARCH_PATHS = (
					"$(inherited)",
					"@executable_path/Frameworks",
				);
				MARKETING_VERSION = 1.0;
				PRODUCT_BUNDLE_IDENTIFIER = .com.shannonmcgurk.;
				PRODUCT_NAME = "$(TARGET_NAME)";
				SWIFT_EMIT_LOC_STRINGS = YES;
				SWIFT_VERSION = 5.0;
				TARGETED_DEVICE_FAMILY = "1,2";
			};
			name = Debug;
		};
		21C8FD3928F1D6C800D51D4B /* Release */ = {
			isa = XCBuildConfiguration;
			buildSettings = {
				ASSETCATALOG_COMPILER_APPICON_NAME = AppIcon;
				ASSETCATALOG_COMPILER_GLOBAL_ACCENT_COLOR_NAME = AccentColor;
				CODE_SIGN_STYLE = Automatic;
				CURRENT_PROJECT_VERSION = 1;
				DEVELOPMENT_ASSET_PATHS = "\"Shannon/Preview Content\"";
				DEVELOPMENT_TEAM = VZ6FSVPZ3F;
				ENABLE_PREVIEWS = YES;
				GENERATE_INFOPLIST_FILE = YES;
				INFOPLIST_KEY_UIApplicationSceneManifest_Generation = YES;
				INFOPLIST_KEY_UIApplicationSupportsIndirectInputEvents = YES;
				INFOPLIST_KEY_UILaunchScreen_Generation = YES;
				INFOPLIST_KEY_UISupportedInterfaceOrientations_iPad = "UIInterfaceOrientationPortrait UIInterfaceOrientationPortraitUpsideDown UIInterfaceOrientationLandscapeLeft UIInterfaceOrientationLandscapeRight";
				INFOPLIST_KEY_UISupportedInterfaceOrientations_iPhone = "UIInterfaceOrientationPortrait UIInterfaceOrientationLandscapeLeft UIInterfaceOrientationLandscapeRight";
				LD_RUNPATH_SEARCH_PATHS = (
					"$(inherited)",
					"@executable_path/Frameworks",
				);
				MARKETING_VERSION = 1.0;
				PRODUCT_BUNDLE_IDENTIFIER = .com.shannonmcgurk.;
				PRODUCT_NAME = "$(TARGET_NAME)";
				SWIFT_EMIT_LOC_STRINGS = YES;
				SWIFT_VERSION = 5.0;
				TARGETED_DEVICE_FAMILY = "1,2";
			};
			name = Release;
		};
		21C8FD3B28F1D6C800D51D4B /* Debug */ = {
			isa = XCBuildConfiguration;
			buildSettings = {
				ALWAYS_EMBED_SWIFT_STANDARD_LIBRARIES = YES;
				BUNDLE_LOADER = "$(TEST_HOST)";
				CODE_SIGN_STYLE = Automatic;
				CURRENT_PROJECT_VERSION = 1;
				GENERATE_INFOPLIST_FILE = YES;
				IPHONEOS_DEPLOYMENT_TARGET = 16.0;
				MARKETING_VERSION = 1.0;
				PRODUCT_BUNDLE_IDENTIFIER = com.shannon.ShannonTests;
				PRODUCT_NAME = "$(TARGET_NAME)";
				SWIFT_EMIT_LOC_STRINGS = NO;
				SWIFT_VERSION = 5.0;
				TARGETED_DEVICE_FAMILY = "1,2";
				TEST_HOST = "$(BUILT_PRODUCTS_DIR)/Weather.app/$(BUNDLE_EXECUTABLE_FOLDER_PATH)/Weather";
			};
			name = Debug;
		};
		21C8FD3C28F1D6C800D51D4B /* Release */ = {
			isa = XCBuildConfiguration;
			buildSettings = {
				ALWAYS_EMBED_SWIFT_STANDARD_LIBRARIES = YES;
				BUNDLE_LOADER = "$(TEST_HOST)";
				CODE_SIGN_STYLE = Automatic;
				CURRENT_PROJECT_VERSION = 1;
				GENERATE_INFOPLIST_FILE = YES;
				IPHONEOS_DEPLOYMENT_TARGET = 16.0;
				MARKETING_VERSION = 1.0;
				PRODUCT_BUNDLE_IDENTIFIER = com.shannon.ShannonTests;
				PRODUCT_NAME = "$(TARGET_NAME)";
				SWIFT_EMIT_LOC_STRINGS = NO;
				SWIFT_VERSION = 5.0;
				TARGETED_DEVICE_FAMILY = "1,2";
				TEST_HOST = "$(BUILT_PRODUCTS_DIR)/Weather.app/$(BUNDLE_EXECUTABLE_FOLDER_PATH)/Weather";
			};
			name = Release;
		};
		21C8FD3E28F1D6C800D51D4B /* Debug */ = {
			isa = XCBuildConfiguration;
			buildSettings = {
				ALWAYS_EMBED_SWIFT_STANDARD_LIBRARIES = YES;
				CODE_SIGN_STYLE = Automatic;
				CURRENT_PROJECT_VERSION = 1;
				GENERATE_INFOPLIST_FILE = YES;
				MARKETING_VERSION = 1.0;
				PRODUCT_BUNDLE_IDENTIFIER = com.shannon.ShannonUITests;
				PRODUCT_NAME = "$(TARGET_NAME)";
				SWIFT_EMIT_LOC_STRINGS = NO;
				SWIFT_VERSION = 5.0;
				TARGETED_DEVICE_FAMILY = "1,2";
				TEST_TARGET_NAME = Shannon;
			};
			name = Debug;
		};
		21C8FD3F28F1D6C800D51D4B /* Release */ = {
			isa = XCBuildConfiguration;
			buildSettings = {
				ALWAYS_EMBED_SWIFT_STANDARD_LIBRARIES = YES;
				CODE_SIGN_STYLE = Automatic;
				CURRENT_PROJECT_VERSION = 1;
				GENERATE_INFOPLIST_FILE = YES;
				MARKETING_VERSION = 1.0;
				PRODUCT_BUNDLE_IDENTIFIER = com.shannon.ShannonUITests;
				PRODUCT_NAME = "$(TARGET_NAME)";
				SWIFT_EMIT_LOC_STRINGS = NO;
				SWIFT_VERSION = 5.0;
				TARGETED_DEVICE_FAMILY = "1,2";
				TEST_TARGET_NAME = Shannon;
			};
			name = Release;
		};
/* End XCBuildConfiguration section */

/* Begin XCConfigurationList section */
		21C8FD0E28F1D6C500D51D4B /* Build configuration list for PBXProject "Weather" */ = {
			isa = XCConfigurationList;
			buildConfigurations = (
				21C8FD3528F1D6C800D51D4B /* Debug */,
				21C8FD3628F1D6C800D51D4B /* Release */,
			);
			defaultConfigurationIsVisible = 0;
			defaultConfigurationName = Release;
		};
		21C8FD3728F1D6C800D51D4B /* Build configuration list for PBXNativeTarget "Weather" */ = {
			isa = XCConfigurationList;
			buildConfigurations = (
				21C8FD3828F1D6C800D51D4B /* Debug */,
				21C8FD3928F1D6C800D51D4B /* Release */,
			);
			defaultConfigurationIsVisible = 0;
			defaultConfigurationName = Release;
		};
		21C8FD3A28F1D6C800D51D4B /* Build configuration list for PBXNativeTarget "WeatherTests" */ = {
			isa = XCConfigurationList;
			buildConfigurations = (
				21C8FD3B28F1D6C800D51D4B /* Debug */,
				21C8FD3C28F1D6C800D51D4B /* Release */,
			);
			defaultConfigurationIsVisible = 0;
			defaultConfigurationName = Release;
		};
		21C8FD3D28F1D6C800D51D4B /* Build configuration list for PBXNativeTarget "WeatherUITests" */ = {
			isa = XCConfigurationList;
			buildConfigurations = (
				21C8FD3E28F1D6C800D51D4B /* Debug */,
				21C8FD3F28F1D6C800D51D4B /* Release */,
			);
			defaultConfigurationIsVisible = 0;
			defaultConfigurationName = Release;
		};
/* End XCConfigurationList section */
	};
	rootObject = 21C8FD0B28F1D6C500D51D4B /* Project object */;
}
